
Microsoft Visual Studio Solution File, Format Version 12.00
# Visual Studio 15
VisualStudioVersion = 15.0.28010.0
MinimumVisualStudioVersion = 10.0.40219.1
Project("{FAE04EC0-301F-11D3-BF4B-00C04F79EFBC}") = "Cards", "Cards\Cards.csproj", "{F9E6F9E2-F0A6-446C-8981-76E383C5C530}"
EndProject
Project("{FAE04EC0-301F-11D3-BF4B-00C04F79EFBC}") = "Cards.UnitTests", "Cards.UnitTests\Cards.UnitTests.csproj", "{423BE14B-569E-46E0-8716-94DA97161C78}"
EndProject
Global
	GlobalSection(SolutionConfigurationPlatforms) = preSolution
		Debug|Any CPU = Debug|Any CPU
		Release|Any CPU = Release|Any CPU
	EndGlobalSection
	GlobalSection(ProjectConfigurationPlatforms) = postSolution
		{F9E6F9E2-F0A6-446C-8981-76E383C5C530}.Debug|Any CPU.ActiveCfg = Debug|Any CPU
		{F9E6F9E2-F0A6-446C-8981-76E383C5C530}.Debug|Any CPU.Build.0 = Debug|Any CPU
		{F9E6F9E2-F0A6-446C-8981-76E383C5C530}.Release|Any CPU.ActiveCfg = Release|Any CPU
		{F9E6F9E2-F0A6-446C-8981-76E383C5C530}.Release|Any CPU.Build.0 = Release|Any CPU
		{423BE14B-569E-46E0-8716-94DA97161C78}.Debug|Any CPU.ActiveCfg = Debug|Any CPU
		{423BE14B-569E-46E0-8716-94DA97161C78}.Debug|Any CPU.Build.0 = Debug|Any CPU
		{423BE14B-569E-46E0-8716-94DA97161C78}.Release|Any CPU.ActiveCfg = Release|Any CPU
		{423BE14B-569E-46E0-8716-94DA97161C78}.Release|Any CPU.Build.0 = Release|Any CPU
	EndGlobalSection
	GlobalSection(SolutionProperties) = preSolution
		HideSolutionNode = FALSE
	EndGlobalSection
	GlobalSection(ExtensibilityGlobals) = postSolution
		SolutionGuid = {B650C4CC-724E-4A86-9404-7F2177D5EA92}
	EndGlobalSection
EndGlobal
